
Microsoft Visual Studio Solution File, Format Version 12.00
# Visual Studio Version 16
VisualStudioVersion = 16.0.31313.79
MinimumVisualStudioVersion = 10.0.40219.1
Project("{FAE04EC0-301F-11D3-BF4B-00C04F79EFBC}") = "UtopianChain.IdentityServer", "UtopianChain.IdentityServer\UtopianChain.IdentityServer.csproj", "{6D9DE901-B17D-4711-BDE7-BC07EAD7F540}"
EndProject
Global
	GlobalSection(SolutionConfigurationPlatforms) = preSolution
		Debug|Any CPU = Debug|Any CPU
		Release|Any CPU = Release|Any CPU
	EndGlobalSection
	GlobalSection(ProjectConfigurationPlatforms) = postSolution
		{6D9DE901-B17D-4711-BDE7-BC07EAD7F540}.Debug|Any CPU.ActiveCfg = Debug|Any CPU
		{6D9DE901-B17D-4711-BDE7-BC07EAD7F540}.Debug|Any CPU.Build.0 = Debug|Any CPU
		{6D9DE901-B17D-4711-BDE7-BC07EAD7F540}.Release|Any CPU.ActiveCfg = Release|Any CPU
		{6D9DE901-B17D-4711-BDE7-BC07EAD7F540}.Release|Any CPU.Build.0 = Release|Any CPU
	EndGlobalSection
	GlobalSection(SolutionProperties) = preSolution
		HideSolutionNode = FALSE
	EndGlobalSection
	GlobalSection(ExtensibilityGlobals) = postSolution
		SolutionGuid = {618B240A-B2FC-4E0F-9754-B59416AE9E74}
	EndGlobalSection
EndGlobal
